
Microsoft Visual Studio Solution File, Format Version 12.00
# Visual Studio 15
Project("{FAE04EC0-301F-11D3-BF4B-00C04F79EFBC}") = "Assembly-CSharp", "Assembly-CSharp.csproj", "{F8FD814C-8E27-3EBA-13F2-B8BDF47A8076}"
EndProject
Project("{FAE04EC0-301F-11D3-BF4B-00C04F79EFBC}") = "Assembly-CSharp-Editor", "Assembly-CSharp-Editor.csproj", "{74504EB1-71EE-ACC0-3E61-50C3AD22B6A1}"
EndProject
Global
	GlobalSection(SolutionConfigurationPlatforms) = preSolution
		Debug|Any CPU = Debug|Any CPU
		Release|Any CPU = Release|Any CPU
	EndGlobalSection
	GlobalSection(ProjectConfigurationPlatforms) = postSolution
		{F8FD814C-8E27-3EBA-13F2-B8BDF47A8076}.Debug|Any CPU.ActiveCfg = Debug|Any CPU
		{F8FD814C-8E27-3EBA-13F2-B8BDF47A8076}.Debug|Any CPU.Build.0 = Debug|Any CPU
		{F8FD814C-8E27-3EBA-13F2-B8BDF47A8076}.Release|Any CPU.ActiveCfg = Release|Any CPU
		{F8FD814C-8E27-3EBA-13F2-B8BDF47A8076}.Release|Any CPU.Build.0 = Release|Any CPU
		{74504EB1-71EE-ACC0-3E61-50C3AD22B6A1}.Debug|Any CPU.ActiveCfg = Debug|Any CPU
		{74504EB1-71EE-ACC0-3E61-50C3AD22B6A1}.Debug|Any CPU.Build.0 = Debug|Any CPU
		{74504EB1-71EE-ACC0-3E61-50C3AD22B6A1}.Release|Any CPU.ActiveCfg = Release|Any CPU
		{74504EB1-71EE-ACC0-3E61-50C3AD22B6A1}.Release|Any CPU.Build.0 = Release|Any CPU
	EndGlobalSection
	GlobalSection(SolutionProperties) = preSolution
		HideSolutionNode = FALSE
	EndGlobalSection
EndGlobal
